Microsoft Visual Studio Solution File, Format Version 12.00
# Visual Studio Version 17
VisualStudioVersion = 17.7.34221.43
MinimumVisualStudioVersion = 10.0.40219.1
Project("{9A19103F-16F7-4668-BE54-9A1E7A4F7556}") = "Oxide.Plugins", "Oxide.Plugins\Oxide.Plugins.csproj", "{38E3F441-C7BC-4876-B9B0-BAF013F85901}"
EndProject
Project("{FAE04EC0-301F-11D3-BF4B-00C04F79EFBC}") = "Carbon.Plugins", "Carbon.Plugins\Carbon.Plugins.csproj", "{59C34AE5-AC3F-44FC-868B-FE8EE6AE269A}"
EndProject
Global
	GlobalSection(SolutionConfigurationPlatforms) = preSolution
		Debug|Any CPU = Debug|Any CPU
		Release|Any CPU = Release|Any CPU
	EndGlobalSection
	GlobalSection(ProjectConfigurationPlatforms) = postSolution
		{38E3F441-C7BC-4876-B9B0-BAF013F85901}.Debug|Any CPU.ActiveCfg = Debug|Any CPU
		{38E3F441-C7BC-4876-B9B0-BAF013F85901}.Debug|Any CPU.Build.0 = Debug|Any CPU
		{38E3F441-C7BC-4876-B9B0-BAF013F85901}.Release|Any CPU.ActiveCfg = Release|Any CPU
		{38E3F441-C7BC-4876-B9B0-BAF013F85901}.Release|Any CPU.Build.0 = Release|Any CPU
		{59C34AE5-AC3F-44FC-868B-FE8EE6AE269A}.Debug|Any CPU.ActiveCfg = Debug|Any CPU
		{59C34AE5-AC3F-44FC-868B-FE8EE6AE269A}.Debug|Any CPU.Build.0 = Debug|Any CPU
		{59C34AE5-AC3F-44FC-868B-FE8EE6AE269A}.Release|Any CPU.ActiveCfg = Release|Any CPU
		{59C34AE5-AC3F-44FC-868B-FE8EE6AE269A}.Release|Any CPU.Build.0 = Release|Any CPU
	EndGlobalSection
	GlobalSection(SolutionProperties) = preSolution
		HideSolutionNode = FALSE
	EndGlobalSection
	GlobalSection(ExtensibilityGlobals) = postSolution
		SolutionGuid = {2AE08FE6-BBA6-4544-9182-EA5C2AC0A236}
	EndGlobalSection
EndGlobal
